
Microsoft Visual Studio Solution File, Format Version 12.00
# Visual Studio Version 16
VisualStudioVersion = 16.0.31105.61
MinimumVisualStudioVersion = 10.0.40219.1
Project("{FAE04EC0-301F-11D3-BF4B-00C04F79EFBC}") = "Demo", "WindowsFormsApp2\Demo.csproj", "{09ECB15E-1700-4FCD-85DC-F86DD9204D51}"
EndProject
Global
	GlobalSection(SolutionConfigurationPlatforms) = preSolution
		Debug|Any CPU = Debug|Any CPU
		Release|Any CPU = Release|Any CPU
	EndGlobalSection
	GlobalSection(ProjectConfigurationPlatforms) = postSolution
		{09ECB15E-1700-4FCD-85DC-F86DD9204D51}.Debug|Any CPU.ActiveCfg = Debug|Any CPU
		{09ECB15E-1700-4FCD-85DC-F86DD9204D51}.Debug|Any CPU.Build.0 = Debug|Any CPU
		{09ECB15E-1700-4FCD-85DC-F86DD9204D51}.Release|Any CPU.ActiveCfg = Release|Any CPU
		{09ECB15E-1700-4FCD-85DC-F86DD9204D51}.Release|Any CPU.Build.0 = Release|Any CPU
	EndGlobalSection
	GlobalSection(SolutionProperties) = preSolution
		HideSolutionNode = FALSE
	EndGlobalSection
	GlobalSection(ExtensibilityGlobals) = postSolution
		SolutionGuid = {1A0F3240-E47E-4A08-8600-3094E6CEEAE5}
	EndGlobalSection
EndGlobal
